
Microsoft Visual Studio Solution File, Format Version 12.00
# Visual Studio for Mac
Project("{FAE04EC0-301F-11D3-BF4B-00C04F79EFBC}") = "Assembly-CSharp", "Assembly-CSharp.csproj", "{64559524-5D64-4C49-1487-4BA29809FD23}"
EndProject
Project("{FAE04EC0-301F-11D3-BF4B-00C04F79EFBC}") = "Assembly-CSharp-Editor", "Assembly-CSharp-Editor.csproj", "{C61E5859-5994-DE35-7AF8-E4FB1FD7C549}"
EndProject
Global
	GlobalSection(SolutionConfigurationPlatforms) = preSolution
		Debug|Any CPU = Debug|Any CPU
		Release|Any CPU = Release|Any CPU
	EndGlobalSection
	GlobalSection(ProjectConfigurationPlatforms) = postSolution
		{64559524-5D64-4C49-1487-4BA29809FD23}.Debug|Any CPU.ActiveCfg = Debug|Any CPU
		{64559524-5D64-4C49-1487-4BA29809FD23}.Debug|Any CPU.Build.0 = Debug|Any CPU
		{64559524-5D64-4C49-1487-4BA29809FD23}.Release|Any CPU.ActiveCfg = Release|Any CPU
		{64559524-5D64-4C49-1487-4BA29809FD23}.Release|Any CPU.Build.0 = Release|Any CPU
		{C61E5859-5994-DE35-7AF8-E4FB1FD7C549}.Debug|Any CPU.ActiveCfg = Debug|Any CPU
		{C61E5859-5994-DE35-7AF8-E4FB1FD7C549}.Debug|Any CPU.Build.0 = Debug|Any CPU
		{C61E5859-5994-DE35-7AF8-E4FB1FD7C549}.Release|Any CPU.ActiveCfg = Release|Any CPU
		{C61E5859-5994-DE35-7AF8-E4FB1FD7C549}.Release|Any CPU.Build.0 = Release|Any CPU
	EndGlobalSection
	GlobalSection(SolutionProperties) = preSolution
		HideSolutionNode = FALSE
	EndGlobalSection
EndGlobal
